
Microsoft Visual Studio Solution File, Format Version 12.00
# Visual Studio Version 16
VisualStudioVersion = 16.0.29609.76
MinimumVisualStudioVersion = 10.0.40219.1
Project("{D954291E-2A0B-460D-934E-DC6B0785DB48}") = "MapsXF.Esri.Core", "MapsXF\MapsXF.Esri.Core\MapsXF.Esri.Core.shproj", "{079F2A30-4D98-48C9-82BE-4BE4FF009CE3}"
EndProject
Project("{9A19103F-16F7-4668-BE54-9A1E7A4F7556}") = "MapsXF", "MapsXF\MapsXF\MapsXF.csproj", "{E119CAED-6199-40D1-95FA-2C2E08341D5A}"
EndProject
Project("{9A19103F-16F7-4668-BE54-9A1E7A4F7556}") = "MapsXF.Core", "MapsXF\MapsXF.Core\MapsXF.Core.csproj", "{01DC06B3-07AA-4A8B-A49B-54404BF7DDCE}"
EndProject
Project("{FAE04EC0-301F-11D3-BF4B-00C04F79EFBC}") = "MapsXF.Android", "MapsXF\MapsXF.Android\MapsXF.Android.csproj", "{E1049E17-D762-4F82-949F-23AEADB6315B}"
EndProject
Project("{FAE04EC0-301F-11D3-BF4B-00C04F79EFBC}") = "MapsXF.iOS", "MapsXF\MapsXF.iOS\MapsXF.iOS.csproj", "{6B77BD09-2D3A-41BD-A022-D7F2211607C9}"
EndProject
Project("{FAE04EC0-301F-11D3-BF4B-00C04F79EFBC}") = "MapsXF.UWP", "MapsXF\MapsXF.UWP\MapsXF.UWP.csproj", "{B46CA9DC-54E2-4B1C-AD66-B8ABED140B9D}"
EndProject
Global
	GlobalSection(SharedMSBuildProjectFiles) = preSolution
		MapsXF\MapsXF.Esri.Core\MapsXF.Esri.Core.projitems*{079f2a30-4d98-48c9-82be-4be4ff009ce3}*SharedItemsImports = 13
	EndGlobalSection
	GlobalSection(SolutionConfigurationPlatforms) = preSolution
		Ad-Hoc|Any CPU = Ad-Hoc|Any CPU
		Ad-Hoc|ARM = Ad-Hoc|ARM
		Ad-Hoc|ARM64 = Ad-Hoc|ARM64
		Ad-Hoc|iPhone = Ad-Hoc|iPhone
		Ad-Hoc|iPhoneSimulator = Ad-Hoc|iPhoneSimulator
		Ad-Hoc|x64 = Ad-Hoc|x64
		Ad-Hoc|x86 = Ad-Hoc|x86
		AppStore|Any CPU = AppStore|Any CPU
		AppStore|ARM = AppStore|ARM
		AppStore|ARM64 = AppStore|ARM64
		AppStore|iPhone = AppStore|iPhone
		AppStore|iPhoneSimulator = AppStore|iPhoneSimulator
		AppStore|x64 = AppStore|x64
		AppStore|x86 = AppStore|x86
		Debug|Any CPU = Debug|Any CPU
		Debug|ARM = Debug|ARM
		Debug|ARM64 = Debug|ARM64
		Debug|iPhone = Debug|iPhone
		Debug|iPhoneSimulator = Debug|iPhoneSimulator
		Debug|x64 = Debug|x64
		Debug|x86 = Debug|x86
		Release|Any CPU = Release|Any CPU
		Release|ARM = Release|ARM
		Release|ARM64 = Release|ARM64
		Release|iPhone = Release|iPhone
		Release|iPhoneSimulator = Release|iPhoneSimulator
		Release|x64 = Release|x64
		Release|x86 = Release|x86
	EndGlobalSection
	GlobalSection(ProjectConfigurationPlatforms) = postSolution
		{E119CAED-6199-40D1-95FA-2C2E08341D5A}.Ad-Hoc|Any CPU.ActiveCfg = Release|Any CPU
		{E119CAED-6199-40D1-95FA-2C2E08341D5A}.Ad-Hoc|Any CPU.Build.0 = Release|Any CPU
		{E119CAED-6199-40D1-95FA-2C2E08341D5A}.Ad-Hoc|ARM.ActiveCfg = Release|Any CPU
		{E119CAED-6199-40D1-95FA-2C2E08341D5A}.Ad-Hoc|ARM.Build.0 = Release|Any CPU
		{E119CAED-6199-40D1-95FA-2C2E08341D5A}.Ad-Hoc|ARM64.ActiveCfg = Release|Any CPU
		{E119CAED-6199-40D1-95FA-2C2E08341D5A}.Ad-Hoc|ARM64.Build.0 = Release|Any CPU
		{E119CAED-6199-40D1-95FA-2C2E08341D5A}.Ad-Hoc|iPhone.ActiveCfg = Release|Any CPU
		{E119CAED-6199-40D1-95FA-2C2E08341D5A}.Ad-Hoc|iPhone.Build.0 = Release|Any CPU
		{E119CAED-6199-40D1-95FA-2C2E08341D5A}.Ad-Hoc|iPhoneSimulator.ActiveCfg = Release|Any CPU
		{E119CAED-6199-40D1-95FA-2C2E08341D5A}.Ad-Hoc|iPhoneSimulator.Build.0 = Release|Any CPU
		{E119CAED-6199-40D1-95FA-2C2E08341D5A}.Ad-Hoc|x64.ActiveCfg = Release|Any CPU
		{E119CAED-6199-40D1-95FA-2C2E08341D5A}.Ad-Hoc|x64.Build.0 = Release|Any CPU
		{E119CAED-6199-40D1-95FA-2C2E08341D5A}.Ad-Hoc|x86.ActiveCfg = Release|Any CPU
		{E119CAED-6199-40D1-95FA-2C2E08341D5A}.Ad-Hoc|x86.Build.0 = Release|Any CPU
		{E119CAED-6199-40D1-95FA-2C2E08341D5A}.AppStore|Any CPU.ActiveCfg = Release|Any CPU
		{E119CAED-6199-40D1-95FA-2C2E08341D5A}.AppStore|Any CPU.Build.0 = Release|Any CPU
		{E119CAED-6199-40D1-95FA-2C2E08341D5A}.AppStore|ARM.ActiveCfg = Release|Any CPU
		{E119CAED-6199-40D1-95FA-2C2E08341D5A}.AppStore|ARM.Build.0 = Release|Any CPU
		{E119CAED-6199-40D1-95FA-2C2E08341D5A}.AppStore|ARM64.ActiveCfg = Release|Any CPU
		{E119CAED-6199-40D1-95FA-2C2E08341D5A}.AppStore|ARM64.Build.0 = Release|Any CPU
		{E119CAED-6199-40D1-95FA-2C2E08341D5A}.AppStore|iPhone.ActiveCfg = Release|Any CPU
		{E119CAED-6199-40D1-95FA-2C2E08341D5A}.AppStore|iPhone.Build.0 = Release|Any CPU
		{E119CAED-6199-40D1-95FA-2C2E08341D5A}.AppStore|iPhoneSimulator.ActiveCfg = Release|Any CPU
		{E119CAED-6199-40D1-95FA-2C2E08341D5A}.AppStore|iPhoneSimulator.Build.0 = Release|Any CPU
		{E119CAED-6199-40D1-95FA-2C2E08341D5A}.AppStore|x64.ActiveCfg = Release|Any CPU
		{E119CAED-6199-40D1-95FA-2C2E08341D5A}.AppStore|x64.Build.0 = Release|Any CPU
		{E119CAED-6199-40D1-95FA-2C2E08341D5A}.AppStore|x86.ActiveCfg = Release|Any CPU
		{E119CAED-6199-40D1-95FA-2C2E08341D5A}.AppStore|x86.Build.0 = Release|Any CPU
		{E119CAED-6199-40D1-95FA-2C2E08341D5A}.Debug|Any CPU.ActiveCfg = Debug|Any CPU
		{E119CAED-6199-40D1-95FA-2C2E08341D5A}.Debug|Any CPU.Build.0 = Debug|Any CPU
		{E119CAED-6199-40D1-95FA-2C2E08341D5A}.Debug|ARM.ActiveCfg = Debug|Any CPU
		{E119CAED-6199-40D1-95FA-2C2E08341D5A}.Debug|ARM.Build.0 = Debug|Any CPU
		{E119CAED-6199-40D1-95FA-2C2E08341D5A}.Debug|ARM64.ActiveCfg = Debug|Any CPU
		{E119CAED-6199-40D1-95FA-2C2E08341D5A}.Debug|ARM64.Build.0 = Debug|Any CPU
		{E119CAED-6199-40D1-95FA-2C2E08341D5A}.Debug|iPhone.ActiveCfg = Debug|Any CPU
		{E119CAED-6199-40D1-95FA-2C2E08341D5A}.Debug|iPhone.Build.0 = Debug|Any CPU
		{E119CAED-6199-40D1-95FA-2C2E08341D5A}.Debug|iPhoneSimulator.ActiveCfg = Debug|Any CPU
		{E119CAED-6199-40D1-95FA-2C2E08341D5A}.Debug|iPhoneSimulator.Build.0 = Debug|Any CPU
		{E119CAED-6199-40D1-95FA-2C2E08341D5A}.Debug|x64.ActiveCfg = Debug|Any CPU
		{E119CAED-6199-40D1-95FA-2C2E08341D5A}.Debug|x64.Build.0 = Debug|Any CPU
		{E119CAED-6199-40D1-95FA-2C2E08341D5A}.Debug|x86.ActiveCfg = Debug|Any CPU
		{E119CAED-6199-40D1-95FA-2C2E08341D5A}.Debug|x86.Build.0 = Debug|Any CPU
		{E119CAED-6199-40D1-95FA-2C2E08341D5A}.Release|Any CPU.ActiveCfg = Release|Any CPU
		{E119CAED-6199-40D1-95FA-2C2E08341D5A}.Release|Any CPU.Build.0 = Release|Any CPU
		{E119CAED-6199-40D1-95FA-2C2E08341D5A}.Release|ARM.ActiveCfg = Release|Any CPU
		{E119CAED-6199-40D1-95FA-2C2E08341D5A}.Release|ARM.Build.0 = Release|Any CPU
		{E119CAED-6199-40D1-95FA-2C2E08341D5A}.Release|ARM64.ActiveCfg = Release|Any CPU
		{E119CAED-6199-40D1-95FA-2C2E08341D5A}.Release|ARM64.Build.0 = Release|Any CPU
		{E119CAED-6199-40D1-95FA-2C2E08341D5A}.Release|iPhone.ActiveCfg = Release|Any CPU
		{E119CAED-6199-40D1-95FA-2C2E08341D5A}.Release|iPhone.Build.0 = Release|Any CPU
		{E119CAED-6199-40D1-95FA-2C2E08341D5A}.Release|iPhoneSimulator.ActiveCfg = Release|Any CPU
		{E119CAED-6199-40D1-95FA-2C2E08341D5A}.Release|iPhoneSimulator.Build.0 = Release|Any CPU
		{E119CAED-6199-40D1-95FA-2C2E08341D5A}.Release|x64.ActiveCfg = Release|Any CPU
		{E119CAED-6199-40D1-95FA-2C2E08341D5A}.Release|x64.Build.0 = Release|Any CPU
		{E119CAED-6199-40D1-95FA-2C2E08341D5A}.Release|x86.ActiveCfg = Release|Any CPU
		{E119CAED-6199-40D1-95FA-2C2E08341D5A}.Release|x86.Build.0 = Release|Any CPU
		{01DC06B3-07AA-4A8B-A49B-54404BF7DDCE}.Ad-Hoc|Any CPU.ActiveCfg = Release|Any CPU
		{01DC06B3-07AA-4A8B-A49B-54404BF7DDCE}.Ad-Hoc|Any CPU.Build.0 = Release|Any CPU
		{01DC06B3-07AA-4A8B-A49B-54404BF7DDCE}.Ad-Hoc|ARM.ActiveCfg = Release|Any CPU
		{01DC06B3-07AA-4A8B-A49B-54404BF7DDCE}.Ad-Hoc|ARM.Build.0 = Release|Any CPU
		{01DC06B3-07AA-4A8B-A49B-54404BF7DDCE}.Ad-Hoc|ARM64.ActiveCfg = Release|Any CPU
		{01DC06B3-07AA-4A8B-A49B-54404BF7DDCE}.Ad-Hoc|ARM64.Build.0 = Release|Any CPU
		{01DC06B3-07AA-4A8B-A49B-54404BF7DDCE}.Ad-Hoc|iPhone.ActiveCfg = Release|Any CPU
		{01DC06B3-07AA-4A8B-A49B-54404BF7DDCE}.Ad-Hoc|iPhone.Build.0 = Release|Any CPU
		{01DC06B3-07AA-4A8B-A49B-54404BF7DDCE}.Ad-Hoc|iPhoneSimulator.ActiveCfg = Release|Any CPU
		{01DC06B3-07AA-4A8B-A49B-54404BF7DDCE}.Ad-Hoc|iPhoneSimulator.Build.0 = Release|Any CPU
		{01DC06B3-07AA-4A8B-A49B-54404BF7DDCE}.Ad-Hoc|x64.ActiveCfg = Release|Any CPU
		{01DC06B3-07AA-4A8B-A49B-54404BF7DDCE}.Ad-Hoc|x64.Build.0 = Release|Any CPU
		{01DC06B3-07AA-4A8B-A49B-54404BF7DDCE}.Ad-Hoc|x86.ActiveCfg = Release|Any CPU
		{01DC06B3-07AA-4A8B-A49B-54404BF7DDCE}.Ad-Hoc|x86.Build.0 = Release|Any CPU
		{01DC06B3-07AA-4A8B-A49B-54404BF7DDCE}.AppStore|Any CPU.ActiveCfg = Release|Any CPU
		{01DC06B3-07AA-4A8B-A49B-54404BF7DDCE}.AppStore|Any CPU.Build.0 = Release|Any CPU
		{01DC06B3-07AA-4A8B-A49B-54404BF7DDCE}.AppStore|ARM.ActiveCfg = Release|Any CPU
		{01DC06B3-07AA-4A8B-A49B-54404BF7DDCE}.AppStore|ARM.Build.0 = Release|Any CPU
		{01DC06B3-07AA-4A8B-A49B-54404BF7DDCE}.AppStore|ARM64.ActiveCfg = Release|Any CPU
		{01DC06B3-07AA-4A8B-A49B-54404BF7DDCE}.AppStore|ARM64.Build.0 = Release|Any CPU
		{01DC06B3-07AA-4A8B-A49B-54404BF7DDCE}.AppStore|iPhone.ActiveCfg = Release|Any CPU
		{01DC06B3-07AA-4A8B-A49B-54404BF7DDCE}.AppStore|iPhone.Build.0 = Release|Any CPU
		{01DC06B3-07AA-4A8B-A49B-54404BF7DDCE}.AppStore|iPhoneSimulator.ActiveCfg = Release|Any CPU
		{01DC06B3-07AA-4A8B-A49B-54404BF7DDCE}.AppStore|iPhoneSimulator.Build.0 = Release|Any CPU
		{01DC06B3-07AA-4A8B-A49B-54404BF7DDCE}.AppStore|x64.ActiveCfg = Release|Any CPU
		{01DC06B3-07AA-4A8B-A49B-54404BF7DDCE}.AppStore|x64.Build.0 = Release|Any CPU
		{01DC06B3-07AA-4A8B-A49B-54404BF7DDCE}.AppStore|x86.ActiveCfg = Release|Any CPU
		{01DC06B3-07AA-4A8B-A49B-54404BF7DDCE}.AppStore|x86.Build.0 = Release|Any CPU
		{01DC06B3-07AA-4A8B-A49B-54404BF7DDCE}.Debug|Any CPU.ActiveCfg = Debug|Any CPU
		{01DC06B3-07AA-4A8B-A49B-54404BF7DDCE}.Debug|Any CPU.Build.0 = Debug|Any CPU
		{01DC06B3-07AA-4A8B-A49B-54404BF7DDCE}.Debug|ARM.ActiveCfg = Debug|Any CPU
		{01DC06B3-07AA-4A8B-A49B-54404BF7DDCE}.Debug|ARM.Build.0 = Debug|Any CPU
		{01DC06B3-07AA-4A8B-A49B-54404BF7DDCE}.Debug|ARM64.ActiveCfg = Debug|Any CPU
		{01DC06B3-07AA-4A8B-A49B-54404BF7DDCE}.Debug|ARM64.Build.0 = Debug|Any CPU
		{01DC06B3-07AA-4A8B-A49B-54404BF7DDCE}.Debug|iPhone.ActiveCfg = Debug|Any CPU
		{01DC06B3-07AA-4A8B-A49B-54404BF7DDCE}.Debug|iPhone.Build.0 = Debug|Any CPU
		{01DC06B3-07AA-4A8B-A49B-54404BF7DDCE}.Debug|iPhoneSimulator.ActiveCfg = Debug|Any CPU
		{01DC06B3-07AA-4A8B-A49B-54404BF7DDCE}.Debug|iPhoneSimulator.Build.0 = Debug|Any CPU
		{01DC06B3-07AA-4A8B-A49B-54404BF7DDCE}.Debug|x64.ActiveCfg = Debug|Any CPU
		{01DC06B3-07AA-4A8B-A49B-54404BF7DDCE}.Debug|x64.Build.0 = Debug|Any CPU
		{01DC06B3-07AA-4A8B-A49B-54404BF7DDCE}.Debug|x86.ActiveCfg = Debug|Any CPU
		{01DC06B3-07AA-4A8B-A49B-54404BF7DDCE}.Debug|x86.Build.0 = Debug|Any CPU
		{01DC06B3-07AA-4A8B-A49B-54404BF7DDCE}.Release|Any CPU.ActiveCfg = Release|Any CPU
		{01DC06B3-07AA-4A8B-A49B-54404BF7DDCE}.Release|Any CPU.Build.0 = Release|Any CPU
		{01DC06B3-07AA-4A8B-A49B-54404BF7DDCE}.Release|ARM.ActiveCfg = Release|Any CPU
		{01DC06B3-07AA-4A8B-A49B-54404BF7DDCE}.Release|ARM.Build.0 = Release|Any CPU
		{01DC06B3-07AA-4A8B-A49B-54404BF7DDCE}.Release|ARM64.ActiveCfg = Release|Any CPU
		{01DC06B3-07AA-4A8B-A49B-54404BF7DDCE}.Release|ARM64.Build.0 = Release|Any CPU
		{01DC06B3-07AA-4A8B-A49B-54404BF7DDCE}.Release|iPhone.ActiveCfg = Release|Any CPU
		{01DC06B3-07AA-4A8B-A49B-54404BF7DDCE}.Release|iPhone.Build.0 = Release|Any CPU
		{01DC06B3-07AA-4A8B-A49B-54404BF7DDCE}.Release|iPhoneSimulator.ActiveCfg = Release|Any CPU
		{01DC06B3-07AA-4A8B-A49B-54404BF7DDCE}.Release|iPhoneSimulator.Build.0 = Release|Any CPU
		{01DC06B3-07AA-4A8B-A49B-54404BF7DDCE}.Release|x64.ActiveCfg = Release|Any CPU
		{01DC06B3-07AA-4A8B-A49B-54404BF7DDCE}.Release|x64.Build.0 = Release|Any CPU
		{01DC06B3-07AA-4A8B-A49B-54404BF7DDCE}.Release|x86.ActiveCfg = Release|Any CPU
		{01DC06B3-07AA-4A8B-A49B-54404BF7DDCE}.Release|x86.Build.0 = Release|Any CPU
		{E1049E17-D762-4F82-949F-23AEADB6315B}.Ad-Hoc|Any CPU.ActiveCfg = Debug|Any CPU
		{E1049E17-D762-4F82-949F-23AEADB6315B}.Ad-Hoc|Any CPU.Build.0 = Debug|Any CPU
		{E1049E17-D762-4F82-949F-23AEADB6315B}.Ad-Hoc|Any CPU.Deploy.0 = Debug|Any CPU
		{E1049E17-D762-4F82-949F-23AEADB6315B}.Ad-Hoc|ARM.ActiveCfg = Debug|Any CPU
		{E1049E17-D762-4F82-949F-23AEADB6315B}.Ad-Hoc|ARM.Build.0 = Debug|Any CPU
		{E1049E17-D762-4F82-949F-23AEADB6315B}.Ad-Hoc|ARM.Deploy.0 = Debug|Any CPU
		{E1049E17-D762-4F82-949F-23AEADB6315B}.Ad-Hoc|ARM64.ActiveCfg = Debug|Any CPU
		{E1049E17-D762-4F82-949F-23AEADB6315B}.Ad-Hoc|ARM64.Build.0 = Debug|Any CPU
		{E1049E17-D762-4F82-949F-23AEADB6315B}.Ad-Hoc|ARM64.Deploy.0 = Debug|Any CPU
		{E1049E17-D762-4F82-949F-23AEADB6315B}.Ad-Hoc|iPhone.ActiveCfg = Debug|Any CPU
		{E1049E17-D762-4F82-949F-23AEADB6315B}.Ad-Hoc|iPhone.Build.0 = Debug|Any CPU
		{E1049E17-D762-4F82-949F-23AEADB6315B}.Ad-Hoc|iPhone.Deploy.0 = Debug|Any CPU
		{E1049E17-D762-4F82-949F-23AEADB6315B}.Ad-Hoc|iPhoneSimulator.ActiveCfg = Debug|Any CPU
		{E1049E17-D762-4F82-949F-23AEADB6315B}.Ad-Hoc|iPhoneSimulator.Build.0 = Debug|Any CPU
		{E1049E17-D762-4F82-949F-23AEADB6315B}.Ad-Hoc|iPhoneSimulator.Deploy.0 = Debug|Any CPU
		{E1049E17-D762-4F82-949F-23AEADB6315B}.Ad-Hoc|x64.ActiveCfg = Debug|Any CPU
		{E1049E17-D762-4F82-949F-23AEADB6315B}.Ad-Hoc|x64.Build.0 = Debug|Any CPU
		{E1049E17-D762-4F82-949F-23AEADB6315B}.Ad-Hoc|x64.Deploy.0 = Debug|Any CPU
		{E1049E17-D762-4F82-949F-23AEADB6315B}.Ad-Hoc|x86.ActiveCfg = Debug|Any CPU
		{E1049E17-D762-4F82-949F-23AEADB6315B}.Ad-Hoc|x86.Build.0 = Debug|Any CPU
		{E1049E17-D762-4F82-949F-23AEADB6315B}.Ad-Hoc|x86.Deploy.0 = Debug|Any CPU
		{E1049E17-D762-4F82-949F-23AEADB6315B}.AppStore|Any CPU.ActiveCfg = Debug|Any CPU
		{E1049E17-D762-4F82-949F-23AEADB6315B}.AppStore|Any CPU.Build.0 = Debug|Any CPU
		{E1049E17-D762-4F82-949F-23AEADB6315B}.AppStore|Any CPU.Deploy.0 = Debug|Any CPU
		{E1049E17-D762-4F82-949F-23AEADB6315B}.AppStore|ARM.ActiveCfg = Debug|Any CPU
		{E1049E17-D762-4F82-949F-23AEADB6315B}.AppStore|ARM.Build.0 = Debug|Any CPU
		{E1049E17-D762-4F82-949F-23AEADB6315B}.AppStore|ARM.Deploy.0 = Debug|Any CPU
		{E1049E17-D762-4F82-949F-23AEADB6315B}.AppStore|ARM64.ActiveCfg = Debug|Any CPU
		{E1049E17-D762-4F82-949F-23AEADB6315B}.AppStore|ARM64.Build.0 = Debug|Any CPU
		{E1049E17-D762-4F82-949F-23AEADB6315B}.AppStore|ARM64.Deploy.0 = Debug|Any CPU
		{E1049E17-D762-4F82-949F-23AEADB6315B}.AppStore|iPhone.ActiveCfg = Debug|Any CPU
		{E1049E17-D762-4F82-949F-23AEADB6315B}.AppStore|iPhone.Build.0 = Debug|Any CPU
		{E1049E17-D762-4F82-949F-23AEADB6315B}.AppStore|iPhone.Deploy.0 = Debug|Any CPU
		{E1049E17-D762-4F82-949F-23AEADB6315B}.AppStore|iPhoneSimulator.ActiveCfg = Debug|Any CPU
		{E1049E17-D762-4F82-949F-23AEADB6315B}.AppStore|iPhoneSimulator.Build.0 = Debug|Any CPU
		{E1049E17-D762-4F82-949F-23AEADB6315B}.AppStore|iPhoneSimulator.Deploy.0 = Debug|Any CPU
		{E1049E17-D762-4F82-949F-23AEADB6315B}.AppStore|x64.ActiveCfg = Debug|Any CPU
		{E1049E17-D762-4F82-949F-23AEADB6315B}.AppStore|x64.Build.0 = Debug|Any CPU
		{E1049E17-D762-4F82-949F-23AEADB6315B}.AppStore|x64.Deploy.0 = Debug|Any CPU
		{E1049E17-D762-4F82-949F-23AEADB6315B}.AppStore|x86.ActiveCfg = Debug|Any CPU
		{E1049E17-D762-4F82-949F-23AEADB6315B}.AppStore|x86.Build.0 = Debug|Any CPU
		{E1049E17-D762-4F82-949F-23AEADB6315B}.AppStore|x86.Deploy.0 = Debug|Any CPU
		{E1049E17-D762-4F82-949F-23AEADB6315B}.Debug|Any CPU.ActiveCfg = Debug|Any CPU
		{E1049E17-D762-4F82-949F-23AEADB6315B}.Debug|Any CPU.Build.0 = Debug|Any CPU
		{E1049E17-D762-4F82-949F-23AEADB6315B}.Debug|Any CPU.Deploy.0 = Debug|Any CPU
		{E1049E17-D762-4F82-949F-23AEADB6315B}.Debug|ARM.ActiveCfg = Debug|Any CPU
		{E1049E17-D762-4F82-949F-23AEADB6315B}.Debug|ARM.Build.0 = Debug|Any CPU
		{E1049E17-D762-4F82-949F-23AEADB6315B}.Debug|ARM.Deploy.0 = Debug|Any CPU
		{E1049E17-D762-4F82-949F-23AEADB6315B}.Debug|ARM64.ActiveCfg = Debug|Any CPU
		{E1049E17-D762-4F82-949F-23AEADB6315B}.Debug|ARM64.Build.0 = Debug|Any CPU
		{E1049E17-D762-4F82-949F-23AEADB6315B}.Debug|ARM64.Deploy.0 = Debug|Any CPU
		{E1049E17-D762-4F82-949F-23AEADB6315B}.Debug|iPhone.ActiveCfg = Debug|Any CPU
		{E1049E17-D762-4F82-949F-23AEADB6315B}.Debug|iPhone.Build.0 = Debug|Any CPU
		{E1049E17-D762-4F82-949F-23AEADB6315B}.Debug|iPhone.Deploy.0 = Debug|Any CPU
		{E1049E17-D762-4F82-949F-23AEADB6315B}.Debug|iPhoneSimulator.ActiveCfg = Debug|Any CPU
		{E1049E17-D762-4F82-949F-23AEADB6315B}.Debug|iPhoneSimulator.Build.0 = Debug|Any CPU
		{E1049E17-D762-4F82-949F-23AEADB6315B}.Debug|iPhoneSimulator.Deploy.0 = Debug|Any CPU
		{E1049E17-D762-4F82-949F-23AEADB6315B}.Debug|x64.ActiveCfg = Debug|Any CPU
		{E1049E17-D762-4F82-949F-23AEADB6315B}.Debug|x64.Build.0 = Debug|Any CPU
		{E1049E17-D762-4F82-949F-23AEADB6315B}.Debug|x64.Deploy.0 = Debug|Any CPU
		{E1049E17-D762-4F82-949F-23AEADB6315B}.Debug|x86.ActiveCfg = Debug|Any CPU
		{E1049E17-D762-4F82-949F-23AEADB6315B}.Debug|x86.Build.0 = Debug|Any CPU
		{E1049E17-D762-4F82-949F-23AEADB6315B}.Debug|x86.Deploy.0 = Debug|Any CPU
		{E1049E17-D762-4F82-949F-23AEADB6315B}.Release|Any CPU.ActiveCfg = Release|Any CPU
		{E1049E17-D762-4F82-949F-23AEADB6315B}.Release|Any CPU.Build.0 = Release|Any CPU
		{E1049E17-D762-4F82-949F-23AEADB6315B}.Release|Any CPU.Deploy.0 = Release|Any CPU
		{E1049E17-D762-4F82-949F-23AEADB6315B}.Release|ARM.ActiveCfg = Release|Any CPU
		{E1049E17-D762-4F82-949F-23AEADB6315B}.Release|ARM.Build.0 = Release|Any CPU
		{E1049E17-D762-4F82-949F-23AEADB6315B}.Release|ARM.Deploy.0 = Release|Any CPU
		{E1049E17-D762-4F82-949F-23AEADB6315B}.Release|ARM64.ActiveCfg = Release|Any CPU
		{E1049E17-D762-4F82-949F-23AEADB6315B}.Release|ARM64.Build.0 = Release|Any CPU
		{E1049E17-D762-4F82-949F-23AEADB6315B}.Release|ARM64.Deploy.0 = Release|Any CPU
		{E1049E17-D762-4F82-949F-23AEADB6315B}.Release|iPhone.ActiveCfg = Release|Any CPU
		{E1049E17-D762-4F82-949F-23AEADB6315B}.Release|iPhone.Build.0 = Release|Any CPU
		{E1049E17-D762-4F82-949F-23AEADB6315B}.Release|iPhone.Deploy.0 = Release|Any CPU
		{E1049E17-D762-4F82-949F-23AEADB6315B}.Release|iPhoneSimulator.ActiveCfg = Release|Any CPU
		{E1049E17-D762-4F82-949F-23AEADB6315B}.Release|iPhoneSimulator.Build.0 = Release|Any CPU
		{E1049E17-D762-4F82-949F-23AEADB6315B}.Release|iPhoneSimulator.Deploy.0 = Release|Any CPU
		{E1049E17-D762-4F82-949F-23AEADB6315B}.Release|x64.ActiveCfg = Release|Any CPU
		{E1049E17-D762-4F82-949F-23AEADB6315B}.Release|x64.Build.0 = Release|Any CPU
		{E1049E17-D762-4F82-949F-23AEADB6315B}.Release|x64.Deploy.0 = Release|Any CPU
		{E1049E17-D762-4F82-949F-23AEADB6315B}.Release|x86.ActiveCfg = Release|Any CPU
		{E1049E17-D762-4F82-949F-23AEADB6315B}.Release|x86.Build.0 = Release|Any CPU
		{E1049E17-D762-4F82-949F-23AEADB6315B}.Release|x86.Deploy.0 = Release|Any CPU
		{6B77BD09-2D3A-41BD-A022-D7F2211607C9}.Ad-Hoc|Any CPU.ActiveCfg = Ad-Hoc|iPhoneSimulator
		{6B77BD09-2D3A-41BD-A022-D7F2211607C9}.Ad-Hoc|ARM.ActiveCfg = Ad-Hoc|iPhoneSimulator
		{6B77BD09-2D3A-41BD-A022-D7F2211607C9}.Ad-Hoc|ARM64.ActiveCfg = Ad-Hoc|iPhoneSimulator
		{6B77BD09-2D3A-41BD-A022-D7F2211607C9}.Ad-Hoc|iPhone.ActiveCfg = Ad-Hoc|iPhone
		{6B77BD09-2D3A-41BD-A022-D7F2211607C9}.Ad-Hoc|iPhone.Build.0 = Ad-Hoc|iPhone
		{6B77BD09-2D3A-41BD-A022-D7F2211607C9}.Ad-Hoc|iPhoneSimulator.ActiveCfg = Ad-Hoc|iPhoneSimulator
		{6B77BD09-2D3A-41BD-A022-D7F2211607C9}.Ad-Hoc|iPhoneSimulator.Build.0 = Ad-Hoc|iPhoneSimulator
		{6B77BD09-2D3A-41BD-A022-D7F2211607C9}.Ad-Hoc|x64.ActiveCfg = Ad-Hoc|iPhoneSimulator
		{6B77BD09-2D3A-41BD-A022-D7F2211607C9}.Ad-Hoc|x86.ActiveCfg = Ad-Hoc|iPhoneSimulator
		{6B77BD09-2D3A-41BD-A022-D7F2211607C9}.AppStore|Any CPU.ActiveCfg = AppStore|iPhoneSimulator
		{6B77BD09-2D3A-41BD-A022-D7F2211607C9}.AppStore|ARM.ActiveCfg = AppStore|iPhoneSimulator
		{6B77BD09-2D3A-41BD-A022-D7F2211607C9}.AppStore|ARM64.ActiveCfg = AppStore|iPhoneSimulator
		{6B77BD09-2D3A-41BD-A022-D7F2211607C9}.AppStore|iPhone.ActiveCfg = AppStore|iPhone
		{6B77BD09-2D3A-41BD-A022-D7F2211607C9}.AppStore|iPhone.Build.0 = AppStore|iPhone
		{6B77BD09-2D3A-41BD-A022-D7F2211607C9}.AppStore|iPhoneSimulator.ActiveCfg = AppStore|iPhoneSimulator
		{6B77BD09-2D3A-41BD-A022-D7F2211607C9}.AppStore|iPhoneSimulator.Build.0 = AppStore|iPhoneSimulator
		{6B77BD09-2D3A-41BD-A022-D7F2211607C9}.AppStore|x64.ActiveCfg = AppStore|iPhoneSimulator
		{6B77BD09-2D3A-41BD-A022-D7F2211607C9}.AppStore|x86.ActiveCfg = AppStore|iPhoneSimulator
		{6B77BD09-2D3A-41BD-A022-D7F2211607C9}.Debug|Any CPU.ActiveCfg = Debug|iPhoneSimulator
		{6B77BD09-2D3A-41BD-A022-D7F2211607C9}.Debug|ARM.ActiveCfg = Debug|iPhoneSimulator
		{6B77BD09-2D3A-41BD-A022-D7F2211607C9}.Debug|ARM64.ActiveCfg = Debug|iPhoneSimulator
		{6B77BD09-2D3A-41BD-A022-D7F2211607C9}.Debug|iPhone.ActiveCfg = Debug|iPhone
		{6B77BD09-2D3A-41BD-A022-D7F2211607C9}.Debug|iPhone.Build.0 = Debug|iPhone
		{6B77BD09-2D3A-41BD-A022-D7F2211607C9}.Debug|iPhoneSimulator.ActiveCfg = Debug|iPhoneSimulator
		{6B77BD09-2D3A-41BD-A022-D7F2211607C9}.Debug|iPhoneSimulator.Build.0 = Debug|iPhoneSimulator
		{6B77BD09-2D3A-41BD-A022-D7F2211607C9}.Debug|x64.ActiveCfg = Debug|iPhoneSimulator
		{6B77BD09-2D3A-41BD-A022-D7F2211607C9}.Debug|x86.ActiveCfg = Debug|iPhoneSimulator
		{6B77BD09-2D3A-41BD-A022-D7F2211607C9}.Release|Any CPU.ActiveCfg = Release|iPhoneSimulator
		{6B77BD09-2D3A-41BD-A022-D7F2211607C9}.Release|ARM.ActiveCfg = Release|iPhoneSimulator
		{6B77BD09-2D3A-41BD-A022-D7F2211607C9}.Release|ARM64.ActiveCfg = Release|iPhoneSimulator
		{6B77BD09-2D3A-41BD-A022-D7F2211607C9}.Release|iPhone.ActiveCfg = Release|iPhone
		{6B77BD09-2D3A-41BD-A022-D7F2211607C9}.Release|iPhone.Build.0 = Release|iPhone
		{6B77BD09-2D3A-41BD-A022-D7F2211607C9}.Release|iPhoneSimulator.ActiveCfg = Release|iPhoneSimulator
		{6B77BD09-2D3A-41BD-A022-D7F2211607C9}.Release|iPhoneSimulator.Build.0 = Release|iPhoneSimulator
		{6B77BD09-2D3A-41BD-A022-D7F2211607C9}.Release|x64.ActiveCfg = Release|iPhoneSimulator
		{6B77BD09-2D3A-41BD-A022-D7F2211607C9}.Release|x86.ActiveCfg = Release|iPhoneSimulator
		{B46CA9DC-54E2-4B1C-AD66-B8ABED140B9D}.Ad-Hoc|Any CPU.ActiveCfg = Debug|x86
		{B46CA9DC-54E2-4B1C-AD66-B8ABED140B9D}.Ad-Hoc|Any CPU.Build.0 = Debug|x86
		{B46CA9DC-54E2-4B1C-AD66-B8ABED140B9D}.Ad-Hoc|Any CPU.Deploy.0 = Debug|x86
		{B46CA9DC-54E2-4B1C-AD66-B8ABED140B9D}.Ad-Hoc|ARM.ActiveCfg = Debug|ARM
		{B46CA9DC-54E2-4B1C-AD66-B8ABED140B9D}.Ad-Hoc|ARM.Build.0 = Debug|ARM
		{B46CA9DC-54E2-4B1C-AD66-B8ABED140B9D}.Ad-Hoc|ARM.Deploy.0 = Debug|ARM
		{B46CA9DC-54E2-4B1C-AD66-B8ABED140B9D}.Ad-Hoc|ARM64.ActiveCfg = Debug|ARM64
		{B46CA9DC-54E2-4B1C-AD66-B8ABED140B9D}.Ad-Hoc|ARM64.Build.0 = Debug|ARM64
		{B46CA9DC-54E2-4B1C-AD66-B8ABED140B9D}.Ad-Hoc|ARM64.Deploy.0 = Debug|ARM64
		{B46CA9DC-54E2-4B1C-AD66-B8ABED140B9D}.Ad-Hoc|iPhone.ActiveCfg = Debug|x86
		{B46CA9DC-54E2-4B1C-AD66-B8ABED140B9D}.Ad-Hoc|iPhone.Build.0 = Debug|x86
		{B46CA9DC-54E2-4B1C-AD66-B8ABED140B9D}.Ad-Hoc|iPhone.Deploy.0 = Debug|x86
		{B46CA9DC-54E2-4B1C-AD66-B8ABED140B9D}.Ad-Hoc|iPhoneSimulator.ActiveCfg = Debug|x86
		{B46CA9DC-54E2-4B1C-AD66-B8ABED140B9D}.Ad-Hoc|iPhoneSimulator.Build.0 = Debug|x86
		{B46CA9DC-54E2-4B1C-AD66-B8ABED140B9D}.Ad-Hoc|iPhoneSimulator.Deploy.0 = Debug|x86
		{B46CA9DC-54E2-4B1C-AD66-B8ABED140B9D}.Ad-Hoc|x64.ActiveCfg = Debug|x64
		{B46CA9DC-54E2-4B1C-AD66-B8ABED140B9D}.Ad-Hoc|x64.Build.0 = Debug|x64
		{B46CA9DC-54E2-4B1C-AD66-B8ABED140B9D}.Ad-Hoc|x64.Deploy.0 = Debug|x64
		{B46CA9DC-54E2-4B1C-AD66-B8ABED140B9D}.Ad-Hoc|x86.ActiveCfg = Debug|x86
		{B46CA9DC-54E2-4B1C-AD66-B8ABED140B9D}.Ad-Hoc|x86.Build.0 = Debug|x86
		{B46CA9DC-54E2-4B1C-AD66-B8ABED140B9D}.Ad-Hoc|x86.Deploy.0 = Debug|x86
		{B46CA9DC-54E2-4B1C-AD66-B8ABED140B9D}.AppStore|Any CPU.ActiveCfg = Debug|x86
		{B46CA9DC-54E2-4B1C-AD66-B8ABED140B9D}.AppStore|Any CPU.Build.0 = Debug|x86
		{B46CA9DC-54E2-4B1C-AD66-B8ABED140B9D}.AppStore|Any CPU.Deploy.0 = Debug|x86
		{B46CA9DC-54E2-4B1C-AD66-B8ABED140B9D}.AppStore|ARM.ActiveCfg = Debug|ARM
		{B46CA9DC-54E2-4B1C-AD66-B8ABED140B9D}.AppStore|ARM.Build.0 = Debug|ARM
		{B46CA9DC-54E2-4B1C-AD66-B8ABED140B9D}.AppStore|ARM.Deploy.0 = Debug|ARM
		{B46CA9DC-54E2-4B1C-AD66-B8ABED140B9D}.AppStore|ARM64.ActiveCfg = Debug|ARM64
		{B46CA9DC-54E2-4B1C-AD66-B8ABED140B9D}.AppStore|ARM64.Build.0 = Debug|ARM64
		{B46CA9DC-54E2-4B1C-AD66-B8ABED140B9D}.AppStore|ARM64.Deploy.0 = Debug|ARM64
		{B46CA9DC-54E2-4B1C-AD66-B8ABED140B9D}.AppStore|iPhone.ActiveCfg = Debug|x86
		{B46CA9DC-54E2-4B1C-AD66-B8ABED140B9D}.AppStore|iPhone.Build.0 = Debug|x86
		{B46CA9DC-54E2-4B1C-AD66-B8ABED140B9D}.AppStore|iPhone.Deploy.0 = Debug|x86
		{B46CA9DC-54E2-4B1C-AD66-B8ABED140B9D}.AppStore|iPhoneSimulator.ActiveCfg = Debug|x86
		{B46CA9DC-54E2-4B1C-AD66-B8ABED140B9D}.AppStore|iPhoneSimulator.Build.0 = Debug|x86
		{B46CA9DC-54E2-4B1C-AD66-B8ABED140B9D}.AppStore|iPhoneSimulator.Deploy.0 = Debug|x86
		{B46CA9DC-54E2-4B1C-AD66-B8ABED140B9D}.AppStore|x64.ActiveCfg = Debug|x64
		{B46CA9DC-54E2-4B1C-AD66-B8ABED140B9D}.AppStore|x64.Build.0 = Debug|x64
		{B46CA9DC-54E2-4B1C-AD66-B8ABED140B9D}.AppStore|x64.Deploy.0 = Debug|x64
		{B46CA9DC-54E2-4B1C-AD66-B8ABED140B9D}.AppStore|x86.ActiveCfg = Debug|x86
		{B46CA9DC-54E2-4B1C-AD66-B8ABED140B9D}.AppStore|x86.Build.0 = Debug|x86
		{B46CA9DC-54E2-4B1C-AD66-B8ABED140B9D}.AppStore|x86.Deploy.0 = Debug|x86
		{B46CA9DC-54E2-4B1C-AD66-B8ABED140B9D}.Debug|Any CPU.ActiveCfg = Debug|x86
		{B46CA9DC-54E2-4B1C-AD66-B8ABED140B9D}.Debug|ARM.ActiveCfg = Debug|ARM
		{B46CA9DC-54E2-4B1C-AD66-B8ABED140B9D}.Debug|ARM.Build.0 = Debug|ARM
		{B46CA9DC-54E2-4B1C-AD66-B8ABED140B9D}.Debug|ARM.Deploy.0 = Debug|ARM
		{B46CA9DC-54E2-4B1C-AD66-B8ABED140B9D}.Debug|ARM64.ActiveCfg = Debug|ARM64
		{B46CA9DC-54E2-4B1C-AD66-B8ABED140B9D}.Debug|ARM64.Build.0 = Debug|ARM64
		{B46CA9DC-54E2-4B1C-AD66-B8ABED140B9D}.Debug|ARM64.Deploy.0 = Debug|ARM64
		{B46CA9DC-54E2-4B1C-AD66-B8ABED140B9D}.Debug|iPhone.ActiveCfg = Debug|x86
		{B46CA9DC-54E2-4B1C-AD66-B8ABED140B9D}.Debug|iPhoneSimulator.ActiveCfg = Debug|x86
		{B46CA9DC-54E2-4B1C-AD66-B8ABED140B9D}.Debug|x64.ActiveCfg = Debug|x64
		{B46CA9DC-54E2-4B1C-AD66-B8ABED140B9D}.Debug|x64.Build.0 = Debug|x64
		{B46CA9DC-54E2-4B1C-AD66-B8ABED140B9D}.Debug|x64.Deploy.0 = Debug|x64
		{B46CA9DC-54E2-4B1C-AD66-B8ABED140B9D}.Debug|x86.ActiveCfg = Debug|x86
		{B46CA9DC-54E2-4B1C-AD66-B8ABED140B9D}.Debug|x86.Build.0 = Debug|x86
		{B46CA9DC-54E2-4B1C-AD66-B8ABED140B9D}.Debug|x86.Deploy.0 = Debug|x86
		{B46CA9DC-54E2-4B1C-AD66-B8ABED140B9D}.Release|Any CPU.ActiveCfg = Release|x86
		{B46CA9DC-54E2-4B1C-AD66-B8ABED140B9D}.Release|ARM.ActiveCfg = Release|ARM
		{B46CA9DC-54E2-4B1C-AD66-B8ABED140B9D}.Release|ARM.Build.0 = Release|ARM
		{B46CA9DC-54E2-4B1C-AD66-B8ABED140B9D}.Release|ARM.Deploy.0 = Release|ARM
		{B46CA9DC-54E2-4B1C-AD66-B8ABED140B9D}.Release|ARM64.ActiveCfg = Release|ARM64
		{B46CA9DC-54E2-4B1C-AD66-B8ABED140B9D}.Release|ARM64.Build.0 = Release|ARM64
		{B46CA9DC-54E2-4B1C-AD66-B8ABED140B9D}.Release|ARM64.Deploy.0 = Release|ARM64
		{B46CA9DC-54E2-4B1C-AD66-B8ABED140B9D}.Release|iPhone.ActiveCfg = Release|x86
		{B46CA9DC-54E2-4B1C-AD66-B8ABED140B9D}.Release|iPhoneSimulator.ActiveCfg = Release|x86
		{B46CA9DC-54E2-4B1C-AD66-B8ABED140B9D}.Release|x64.ActiveCfg = Release|x64
		{B46CA9DC-54E2-4B1C-AD66-B8ABED140B9D}.Release|x64.Build.0 = Release|x64
		{B46CA9DC-54E2-4B1C-AD66-B8ABED140B9D}.Release|x64.Deploy.0 = Release|x64
		{B46CA9DC-54E2-4B1C-AD66-B8ABED140B9D}.Release|x86.ActiveCfg = Release|x86
		{B46CA9DC-54E2-4B1C-AD66-B8ABED140B9D}.Release|x86.Build.0 = Release|x86
		{B46CA9DC-54E2-4B1C-AD66-B8ABED140B9D}.Release|x86.Deploy.0 = Release|x86
	EndGlobalSection
	GlobalSection(SolutionProperties) = preSolution
		HideSolutionNode = FALSE
	EndGlobalSection
	GlobalSection(ExtensibilityGlobals) = postSolution
		SolutionGuid = {4263ABF7-D25C-4600-91D2-1924D38880D7}
	EndGlobalSection
EndGlobal
