
Microsoft Visual Studio Solution File, Format Version 12.00
# Visual Studio Version 16
VisualStudioVersion = 16.0.29609.76
MinimumVisualStudioVersion = 10.0.40219.1
Project("{9A19103F-16F7-4668-BE54-9A1E7A4F7556}") = "MapsXF", "MapsXF\MapsXF\MapsXF.csproj", "{79615DF2-E043-4209-920C-1B33495832F8}"
EndProject
Project("{9A19103F-16F7-4668-BE54-9A1E7A4F7556}") = "MapsXF.Core", "MapsXF\MapsXF.Core\MapsXF.Core.csproj", "{368FAA40-E668-4D06-A447-378D031CEE34}"
EndProject
Project("{FAE04EC0-301F-11D3-BF4B-00C04F79EFBC}") = "MapsXF.Android", "MapsXF\MapsXF.Android\MapsXF.Android.csproj", "{746B195C-2CC0-40B8-9864-035B13AD17A8}"
EndProject
Project("{FAE04EC0-301F-11D3-BF4B-00C04F79EFBC}") = "MapsXF.iOS", "MapsXF\MapsXF.iOS\MapsXF.iOS.csproj", "{6FB48989-34AE-43E6-B7EA-05658219DE8D}"
EndProject
Project("{FAE04EC0-301F-11D3-BF4B-00C04F79EFBC}") = "MapsXF.UWP", "MapsXF\MapsXF.UWP\MapsXF.UWP.csproj", "{82F01DAE-23C0-458F-8468-90316F1C8D75}"
EndProject
Project("{D954291E-2A0B-460D-934E-DC6B0785DB48}") = "MapsXF.Esri.Core", "MapsXF\MapsXF.Esri.Core\MapsXF.Esri.Core.shproj", "{079F2A30-4D98-48C9-82BE-4BE4FF009CE3}"
EndProject
Global
	GlobalSection(SharedMSBuildProjectFiles) = preSolution
		MapsXF\MapsXF.Esri.Core\MapsXF.Esri.Core.projitems*{079f2a30-4d98-48c9-82be-4be4ff009ce3}*SharedItemsImports = 13
	EndGlobalSection
	GlobalSection(SolutionConfigurationPlatforms) = preSolution
		Ad-Hoc|Any CPU = Ad-Hoc|Any CPU
		Ad-Hoc|ARM = Ad-Hoc|ARM
		Ad-Hoc|ARM64 = Ad-Hoc|ARM64
		Ad-Hoc|iPhone = Ad-Hoc|iPhone
		Ad-Hoc|iPhoneSimulator = Ad-Hoc|iPhoneSimulator
		Ad-Hoc|x64 = Ad-Hoc|x64
		Ad-Hoc|x86 = Ad-Hoc|x86
		AppStore|Any CPU = AppStore|Any CPU
		AppStore|ARM = AppStore|ARM
		AppStore|ARM64 = AppStore|ARM64
		AppStore|iPhone = AppStore|iPhone
		AppStore|iPhoneSimulator = AppStore|iPhoneSimulator
		AppStore|x64 = AppStore|x64
		AppStore|x86 = AppStore|x86
		Debug|Any CPU = Debug|Any CPU
		Debug|ARM = Debug|ARM
		Debug|ARM64 = Debug|ARM64
		Debug|iPhone = Debug|iPhone
		Debug|iPhoneSimulator = Debug|iPhoneSimulator
		Debug|x64 = Debug|x64
		Debug|x86 = Debug|x86
		Release|Any CPU = Release|Any CPU
		Release|ARM = Release|ARM
		Release|ARM64 = Release|ARM64
		Release|iPhone = Release|iPhone
		Release|iPhoneSimulator = Release|iPhoneSimulator
		Release|x64 = Release|x64
		Release|x86 = Release|x86
	EndGlobalSection
	GlobalSection(ProjectConfigurationPlatforms) = postSolution
		{79615DF2-E043-4209-920C-1B33495832F8}.Ad-Hoc|Any CPU.ActiveCfg = Debug|Any CPU
		{79615DF2-E043-4209-920C-1B33495832F8}.Ad-Hoc|Any CPU.Build.0 = Debug|Any CPU
		{79615DF2-E043-4209-920C-1B33495832F8}.Ad-Hoc|ARM.ActiveCfg = Debug|Any CPU
		{79615DF2-E043-4209-920C-1B33495832F8}.Ad-Hoc|ARM.Build.0 = Debug|Any CPU
		{79615DF2-E043-4209-920C-1B33495832F8}.Ad-Hoc|ARM64.ActiveCfg = Debug|Any CPU
		{79615DF2-E043-4209-920C-1B33495832F8}.Ad-Hoc|ARM64.Build.0 = Debug|Any CPU
		{79615DF2-E043-4209-920C-1B33495832F8}.Ad-Hoc|iPhone.ActiveCfg = Debug|Any CPU
		{79615DF2-E043-4209-920C-1B33495832F8}.Ad-Hoc|iPhone.Build.0 = Debug|Any CPU
		{79615DF2-E043-4209-920C-1B33495832F8}.Ad-Hoc|iPhoneSimulator.ActiveCfg = Debug|Any CPU
		{79615DF2-E043-4209-920C-1B33495832F8}.Ad-Hoc|iPhoneSimulator.Build.0 = Debug|Any CPU
		{79615DF2-E043-4209-920C-1B33495832F8}.Ad-Hoc|x64.ActiveCfg = Debug|Any CPU
		{79615DF2-E043-4209-920C-1B33495832F8}.Ad-Hoc|x64.Build.0 = Debug|Any CPU
		{79615DF2-E043-4209-920C-1B33495832F8}.Ad-Hoc|x86.ActiveCfg = Debug|Any CPU
		{79615DF2-E043-4209-920C-1B33495832F8}.Ad-Hoc|x86.Build.0 = Debug|Any CPU
		{79615DF2-E043-4209-920C-1B33495832F8}.AppStore|Any CPU.ActiveCfg = Debug|Any CPU
		{79615DF2-E043-4209-920C-1B33495832F8}.AppStore|Any CPU.Build.0 = Debug|Any CPU
		{79615DF2-E043-4209-920C-1B33495832F8}.AppStore|ARM.ActiveCfg = Debug|Any CPU
		{79615DF2-E043-4209-920C-1B33495832F8}.AppStore|ARM.Build.0 = Debug|Any CPU
		{79615DF2-E043-4209-920C-1B33495832F8}.AppStore|ARM64.ActiveCfg = Debug|Any CPU
		{79615DF2-E043-4209-920C-1B33495832F8}.AppStore|ARM64.Build.0 = Debug|Any CPU
		{79615DF2-E043-4209-920C-1B33495832F8}.AppStore|iPhone.ActiveCfg = Debug|Any CPU
		{79615DF2-E043-4209-920C-1B33495832F8}.AppStore|iPhone.Build.0 = Debug|Any CPU
		{79615DF2-E043-4209-920C-1B33495832F8}.AppStore|iPhoneSimulator.ActiveCfg = Debug|Any CPU
		{79615DF2-E043-4209-920C-1B33495832F8}.AppStore|iPhoneSimulator.Build.0 = Debug|Any CPU
		{79615DF2-E043-4209-920C-1B33495832F8}.AppStore|x64.ActiveCfg = Debug|Any CPU
		{79615DF2-E043-4209-920C-1B33495832F8}.AppStore|x64.Build.0 = Debug|Any CPU
		{79615DF2-E043-4209-920C-1B33495832F8}.AppStore|x86.ActiveCfg = Debug|Any CPU
		{79615DF2-E043-4209-920C-1B33495832F8}.AppStore|x86.Build.0 = Debug|Any CPU
		{79615DF2-E043-4209-920C-1B33495832F8}.Debug|Any CPU.ActiveCfg = Debug|Any CPU
		{79615DF2-E043-4209-920C-1B33495832F8}.Debug|Any CPU.Build.0 = Debug|Any CPU
		{79615DF2-E043-4209-920C-1B33495832F8}.Debug|ARM.ActiveCfg = Debug|Any CPU
		{79615DF2-E043-4209-920C-1B33495832F8}.Debug|ARM.Build.0 = Debug|Any CPU
		{79615DF2-E043-4209-920C-1B33495832F8}.Debug|ARM64.ActiveCfg = Debug|Any CPU
		{79615DF2-E043-4209-920C-1B33495832F8}.Debug|ARM64.Build.0 = Debug|Any CPU
		{79615DF2-E043-4209-920C-1B33495832F8}.Debug|iPhone.ActiveCfg = Debug|Any CPU
		{79615DF2-E043-4209-920C-1B33495832F8}.Debug|iPhone.Build.0 = Debug|Any CPU
		{79615DF2-E043-4209-920C-1B33495832F8}.Debug|iPhoneSimulator.ActiveCfg = Debug|Any CPU
		{79615DF2-E043-4209-920C-1B33495832F8}.Debug|iPhoneSimulator.Build.0 = Debug|Any CPU
		{79615DF2-E043-4209-920C-1B33495832F8}.Debug|x64.ActiveCfg = Debug|Any CPU
		{79615DF2-E043-4209-920C-1B33495832F8}.Debug|x64.Build.0 = Debug|Any CPU
		{79615DF2-E043-4209-920C-1B33495832F8}.Debug|x86.ActiveCfg = Debug|Any CPU
		{79615DF2-E043-4209-920C-1B33495832F8}.Debug|x86.Build.0 = Debug|Any CPU
		{79615DF2-E043-4209-920C-1B33495832F8}.Release|Any CPU.ActiveCfg = Release|Any CPU
		{79615DF2-E043-4209-920C-1B33495832F8}.Release|Any CPU.Build.0 = Release|Any CPU
		{79615DF2-E043-4209-920C-1B33495832F8}.Release|ARM.ActiveCfg = Release|Any CPU
		{79615DF2-E043-4209-920C-1B33495832F8}.Release|ARM.Build.0 = Release|Any CPU
		{79615DF2-E043-4209-920C-1B33495832F8}.Release|ARM64.ActiveCfg = Release|Any CPU
		{79615DF2-E043-4209-920C-1B33495832F8}.Release|ARM64.Build.0 = Release|Any CPU
		{79615DF2-E043-4209-920C-1B33495832F8}.Release|iPhone.ActiveCfg = Release|Any CPU
		{79615DF2-E043-4209-920C-1B33495832F8}.Release|iPhone.Build.0 = Release|Any CPU
		{79615DF2-E043-4209-920C-1B33495832F8}.Release|iPhoneSimulator.ActiveCfg = Release|Any CPU
		{79615DF2-E043-4209-920C-1B33495832F8}.Release|iPhoneSimulator.Build.0 = Release|Any CPU
		{79615DF2-E043-4209-920C-1B33495832F8}.Release|x64.ActiveCfg = Release|Any CPU
		{79615DF2-E043-4209-920C-1B33495832F8}.Release|x64.Build.0 = Release|Any CPU
		{79615DF2-E043-4209-920C-1B33495832F8}.Release|x86.ActiveCfg = Release|Any CPU
		{79615DF2-E043-4209-920C-1B33495832F8}.Release|x86.Build.0 = Release|Any CPU
		{368FAA40-E668-4D06-A447-378D031CEE34}.Ad-Hoc|Any CPU.ActiveCfg = Debug|Any CPU
		{368FAA40-E668-4D06-A447-378D031CEE34}.Ad-Hoc|Any CPU.Build.0 = Debug|Any CPU
		{368FAA40-E668-4D06-A447-378D031CEE34}.Ad-Hoc|ARM.ActiveCfg = Debug|Any CPU
		{368FAA40-E668-4D06-A447-378D031CEE34}.Ad-Hoc|ARM.Build.0 = Debug|Any CPU
		{368FAA40-E668-4D06-A447-378D031CEE34}.Ad-Hoc|ARM64.ActiveCfg = Debug|Any CPU
		{368FAA40-E668-4D06-A447-378D031CEE34}.Ad-Hoc|ARM64.Build.0 = Debug|Any CPU
		{368FAA40-E668-4D06-A447-378D031CEE34}.Ad-Hoc|iPhone.ActiveCfg = Debug|Any CPU
		{368FAA40-E668-4D06-A447-378D031CEE34}.Ad-Hoc|iPhone.Build.0 = Debug|Any CPU
		{368FAA40-E668-4D06-A447-378D031CEE34}.Ad-Hoc|iPhoneSimulator.ActiveCfg = Debug|Any CPU
		{368FAA40-E668-4D06-A447-378D031CEE34}.Ad-Hoc|iPhoneSimulator.Build.0 = Debug|Any CPU
		{368FAA40-E668-4D06-A447-378D031CEE34}.Ad-Hoc|x64.ActiveCfg = Debug|Any CPU
		{368FAA40-E668-4D06-A447-378D031CEE34}.Ad-Hoc|x64.Build.0 = Debug|Any CPU
		{368FAA40-E668-4D06-A447-378D031CEE34}.Ad-Hoc|x86.ActiveCfg = Debug|Any CPU
		{368FAA40-E668-4D06-A447-378D031CEE34}.Ad-Hoc|x86.Build.0 = Debug|Any CPU
		{368FAA40-E668-4D06-A447-378D031CEE34}.AppStore|Any CPU.ActiveCfg = Debug|Any CPU
		{368FAA40-E668-4D06-A447-378D031CEE34}.AppStore|Any CPU.Build.0 = Debug|Any CPU
		{368FAA40-E668-4D06-A447-378D031CEE34}.AppStore|ARM.ActiveCfg = Debug|Any CPU
		{368FAA40-E668-4D06-A447-378D031CEE34}.AppStore|ARM.Build.0 = Debug|Any CPU
		{368FAA40-E668-4D06-A447-378D031CEE34}.AppStore|ARM64.ActiveCfg = Debug|Any CPU
		{368FAA40-E668-4D06-A447-378D031CEE34}.AppStore|ARM64.Build.0 = Debug|Any CPU
		{368FAA40-E668-4D06-A447-378D031CEE34}.AppStore|iPhone.ActiveCfg = Debug|Any CPU
		{368FAA40-E668-4D06-A447-378D031CEE34}.AppStore|iPhone.Build.0 = Debug|Any CPU
		{368FAA40-E668-4D06-A447-378D031CEE34}.AppStore|iPhoneSimulator.ActiveCfg = Debug|Any CPU
		{368FAA40-E668-4D06-A447-378D031CEE34}.AppStore|iPhoneSimulator.Build.0 = Debug|Any CPU
		{368FAA40-E668-4D06-A447-378D031CEE34}.AppStore|x64.ActiveCfg = Debug|Any CPU
		{368FAA40-E668-4D06-A447-378D031CEE34}.AppStore|x64.Build.0 = Debug|Any CPU
		{368FAA40-E668-4D06-A447-378D031CEE34}.AppStore|x86.ActiveCfg = Debug|Any CPU
		{368FAA40-E668-4D06-A447-378D031CEE34}.AppStore|x86.Build.0 = Debug|Any CPU
		{368FAA40-E668-4D06-A447-378D031CEE34}.Debug|Any CPU.ActiveCfg = Debug|Any CPU
		{368FAA40-E668-4D06-A447-378D031CEE34}.Debug|Any CPU.Build.0 = Debug|Any CPU
		{368FAA40-E668-4D06-A447-378D031CEE34}.Debug|ARM.ActiveCfg = Debug|Any CPU
		{368FAA40-E668-4D06-A447-378D031CEE34}.Debug|ARM.Build.0 = Debug|Any CPU
		{368FAA40-E668-4D06-A447-378D031CEE34}.Debug|ARM64.ActiveCfg = Debug|Any CPU
		{368FAA40-E668-4D06-A447-378D031CEE34}.Debug|ARM64.Build.0 = Debug|Any CPU
		{368FAA40-E668-4D06-A447-378D031CEE34}.Debug|iPhone.ActiveCfg = Debug|Any CPU
		{368FAA40-E668-4D06-A447-378D031CEE34}.Debug|iPhone.Build.0 = Debug|Any CPU
		{368FAA40-E668-4D06-A447-378D031CEE34}.Debug|iPhoneSimulator.ActiveCfg = Debug|Any CPU
		{368FAA40-E668-4D06-A447-378D031CEE34}.Debug|iPhoneSimulator.Build.0 = Debug|Any CPU
		{368FAA40-E668-4D06-A447-378D031CEE34}.Debug|x64.ActiveCfg = Debug|Any CPU
		{368FAA40-E668-4D06-A447-378D031CEE34}.Debug|x64.Build.0 = Debug|Any CPU
		{368FAA40-E668-4D06-A447-378D031CEE34}.Debug|x86.ActiveCfg = Debug|Any CPU
		{368FAA40-E668-4D06-A447-378D031CEE34}.Debug|x86.Build.0 = Debug|Any CPU
		{368FAA40-E668-4D06-A447-378D031CEE34}.Release|Any CPU.ActiveCfg = Release|Any CPU
		{368FAA40-E668-4D06-A447-378D031CEE34}.Release|Any CPU.Build.0 = Release|Any CPU
		{368FAA40-E668-4D06-A447-378D031CEE34}.Release|ARM.ActiveCfg = Release|Any CPU
		{368FAA40-E668-4D06-A447-378D031CEE34}.Release|ARM.Build.0 = Release|Any CPU
		{368FAA40-E668-4D06-A447-378D031CEE34}.Release|ARM64.ActiveCfg = Release|Any CPU
		{368FAA40-E668-4D06-A447-378D031CEE34}.Release|ARM64.Build.0 = Release|Any CPU
		{368FAA40-E668-4D06-A447-378D031CEE34}.Release|iPhone.ActiveCfg = Release|Any CPU
		{368FAA40-E668-4D06-A447-378D031CEE34}.Release|iPhone.Build.0 = Release|Any CPU
		{368FAA40-E668-4D06-A447-378D031CEE34}.Release|iPhoneSimulator.ActiveCfg = Release|Any CPU
		{368FAA40-E668-4D06-A447-378D031CEE34}.Release|iPhoneSimulator.Build.0 = Release|Any CPU
		{368FAA40-E668-4D06-A447-378D031CEE34}.Release|x64.ActiveCfg = Release|Any CPU
		{368FAA40-E668-4D06-A447-378D031CEE34}.Release|x64.Build.0 = Release|Any CPU
		{368FAA40-E668-4D06-A447-378D031CEE34}.Release|x86.ActiveCfg = Release|Any CPU
		{368FAA40-E668-4D06-A447-378D031CEE34}.Release|x86.Build.0 = Release|Any CPU
		{746B195C-2CC0-40B8-9864-035B13AD17A8}.Ad-Hoc|Any CPU.ActiveCfg = Release|Any CPU
		{746B195C-2CC0-40B8-9864-035B13AD17A8}.Ad-Hoc|Any CPU.Build.0 = Release|Any CPU
		{746B195C-2CC0-40B8-9864-035B13AD17A8}.Ad-Hoc|Any CPU.Deploy.0 = Release|Any CPU
		{746B195C-2CC0-40B8-9864-035B13AD17A8}.Ad-Hoc|ARM.ActiveCfg = Release|Any CPU
		{746B195C-2CC0-40B8-9864-035B13AD17A8}.Ad-Hoc|ARM.Build.0 = Release|Any CPU
		{746B195C-2CC0-40B8-9864-035B13AD17A8}.Ad-Hoc|ARM.Deploy.0 = Release|Any CPU
		{746B195C-2CC0-40B8-9864-035B13AD17A8}.Ad-Hoc|ARM64.ActiveCfg = Release|Any CPU
		{746B195C-2CC0-40B8-9864-035B13AD17A8}.Ad-Hoc|ARM64.Build.0 = Release|Any CPU
		{746B195C-2CC0-40B8-9864-035B13AD17A8}.Ad-Hoc|ARM64.Deploy.0 = Release|Any CPU
		{746B195C-2CC0-40B8-9864-035B13AD17A8}.Ad-Hoc|iPhone.ActiveCfg = Release|Any CPU
		{746B195C-2CC0-40B8-9864-035B13AD17A8}.Ad-Hoc|iPhone.Build.0 = Release|Any CPU
		{746B195C-2CC0-40B8-9864-035B13AD17A8}.Ad-Hoc|iPhone.Deploy.0 = Release|Any CPU
		{746B195C-2CC0-40B8-9864-035B13AD17A8}.Ad-Hoc|iPhoneSimulator.ActiveCfg = Release|Any CPU
		{746B195C-2CC0-40B8-9864-035B13AD17A8}.Ad-Hoc|iPhoneSimulator.Build.0 = Release|Any CPU
		{746B195C-2CC0-40B8-9864-035B13AD17A8}.Ad-Hoc|iPhoneSimulator.Deploy.0 = Release|Any CPU
		{746B195C-2CC0-40B8-9864-035B13AD17A8}.Ad-Hoc|x64.ActiveCfg = Release|Any CPU
		{746B195C-2CC0-40B8-9864-035B13AD17A8}.Ad-Hoc|x64.Build.0 = Release|Any CPU
		{746B195C-2CC0-40B8-9864-035B13AD17A8}.Ad-Hoc|x64.Deploy.0 = Release|Any CPU
		{746B195C-2CC0-40B8-9864-035B13AD17A8}.Ad-Hoc|x86.ActiveCfg = Release|Any CPU
		{746B195C-2CC0-40B8-9864-035B13AD17A8}.Ad-Hoc|x86.Build.0 = Release|Any CPU
		{746B195C-2CC0-40B8-9864-035B13AD17A8}.Ad-Hoc|x86.Deploy.0 = Release|Any CPU
		{746B195C-2CC0-40B8-9864-035B13AD17A8}.AppStore|Any CPU.ActiveCfg = Release|Any CPU
		{746B195C-2CC0-40B8-9864-035B13AD17A8}.AppStore|Any CPU.Build.0 = Release|Any CPU
		{746B195C-2CC0-40B8-9864-035B13AD17A8}.AppStore|Any CPU.Deploy.0 = Release|Any CPU
		{746B195C-2CC0-40B8-9864-035B13AD17A8}.AppStore|ARM.ActiveCfg = Release|Any CPU
		{746B195C-2CC0-40B8-9864-035B13AD17A8}.AppStore|ARM.Build.0 = Release|Any CPU
		{746B195C-2CC0-40B8-9864-035B13AD17A8}.AppStore|ARM.Deploy.0 = Release|Any CPU
		{746B195C-2CC0-40B8-9864-035B13AD17A8}.AppStore|ARM64.ActiveCfg = Release|Any CPU
		{746B195C-2CC0-40B8-9864-035B13AD17A8}.AppStore|ARM64.Build.0 = Release|Any CPU
		{746B195C-2CC0-40B8-9864-035B13AD17A8}.AppStore|ARM64.Deploy.0 = Release|Any CPU
		{746B195C-2CC0-40B8-9864-035B13AD17A8}.AppStore|iPhone.ActiveCfg = Release|Any CPU
		{746B195C-2CC0-40B8-9864-035B13AD17A8}.AppStore|iPhone.Build.0 = Release|Any CPU
		{746B195C-2CC0-40B8-9864-035B13AD17A8}.AppStore|iPhone.Deploy.0 = Release|Any CPU
		{746B195C-2CC0-40B8-9864-035B13AD17A8}.AppStore|iPhoneSimulator.ActiveCfg = Release|Any CPU
		{746B195C-2CC0-40B8-9864-035B13AD17A8}.AppStore|iPhoneSimulator.Build.0 = Release|Any CPU
		{746B195C-2CC0-40B8-9864-035B13AD17A8}.AppStore|iPhoneSimulator.Deploy.0 = Release|Any CPU
		{746B195C-2CC0-40B8-9864-035B13AD17A8}.AppStore|x64.ActiveCfg = Release|Any CPU
		{746B195C-2CC0-40B8-9864-035B13AD17A8}.AppStore|x64.Build.0 = Release|Any CPU
		{746B195C-2CC0-40B8-9864-035B13AD17A8}.AppStore|x64.Deploy.0 = Release|Any CPU
		{746B195C-2CC0-40B8-9864-035B13AD17A8}.AppStore|x86.ActiveCfg = Release|Any CPU
		{746B195C-2CC0-40B8-9864-035B13AD17A8}.AppStore|x86.Build.0 = Release|Any CPU
		{746B195C-2CC0-40B8-9864-035B13AD17A8}.AppStore|x86.Deploy.0 = Release|Any CPU
		{746B195C-2CC0-40B8-9864-035B13AD17A8}.Debug|Any CPU.ActiveCfg = Debug|Any CPU
		{746B195C-2CC0-40B8-9864-035B13AD17A8}.Debug|Any CPU.Build.0 = Debug|Any CPU
		{746B195C-2CC0-40B8-9864-035B13AD17A8}.Debug|Any CPU.Deploy.0 = Debug|Any CPU
		{746B195C-2CC0-40B8-9864-035B13AD17A8}.Debug|ARM.ActiveCfg = Debug|Any CPU
		{746B195C-2CC0-40B8-9864-035B13AD17A8}.Debug|ARM.Build.0 = Debug|Any CPU
		{746B195C-2CC0-40B8-9864-035B13AD17A8}.Debug|ARM.Deploy.0 = Debug|Any CPU
		{746B195C-2CC0-40B8-9864-035B13AD17A8}.Debug|ARM64.ActiveCfg = Debug|Any CPU
		{746B195C-2CC0-40B8-9864-035B13AD17A8}.Debug|ARM64.Build.0 = Debug|Any CPU
		{746B195C-2CC0-40B8-9864-035B13AD17A8}.Debug|ARM64.Deploy.0 = Debug|Any CPU
		{746B195C-2CC0-40B8-9864-035B13AD17A8}.Debug|iPhone.ActiveCfg = Debug|Any CPU
		{746B195C-2CC0-40B8-9864-035B13AD17A8}.Debug|iPhone.Build.0 = Debug|Any CPU
		{746B195C-2CC0-40B8-9864-035B13AD17A8}.Debug|iPhone.Deploy.0 = Debug|Any CPU
		{746B195C-2CC0-40B8-9864-035B13AD17A8}.Debug|iPhoneSimulator.ActiveCfg = Debug|Any CPU
		{746B195C-2CC0-40B8-9864-035B13AD17A8}.Debug|iPhoneSimulator.Build.0 = Debug|Any CPU
		{746B195C-2CC0-40B8-9864-035B13AD17A8}.Debug|iPhoneSimulator.Deploy.0 = Debug|Any CPU
		{746B195C-2CC0-40B8-9864-035B13AD17A8}.Debug|x64.ActiveCfg = Debug|Any CPU
		{746B195C-2CC0-40B8-9864-035B13AD17A8}.Debug|x64.Build.0 = Debug|Any CPU
		{746B195C-2CC0-40B8-9864-035B13AD17A8}.Debug|x64.Deploy.0 = Debug|Any CPU
		{746B195C-2CC0-40B8-9864-035B13AD17A8}.Debug|x86.ActiveCfg = Debug|Any CPU
		{746B195C-2CC0-40B8-9864-035B13AD17A8}.Debug|x86.Build.0 = Debug|Any CPU
		{746B195C-2CC0-40B8-9864-035B13AD17A8}.Debug|x86.Deploy.0 = Debug|Any CPU
		{746B195C-2CC0-40B8-9864-035B13AD17A8}.Release|Any CPU.ActiveCfg = Release|Any CPU
		{746B195C-2CC0-40B8-9864-035B13AD17A8}.Release|Any CPU.Build.0 = Release|Any CPU
		{746B195C-2CC0-40B8-9864-035B13AD17A8}.Release|Any CPU.Deploy.0 = Release|Any CPU
		{746B195C-2CC0-40B8-9864-035B13AD17A8}.Release|ARM.ActiveCfg = Release|Any CPU
		{746B195C-2CC0-40B8-9864-035B13AD17A8}.Release|ARM.Build.0 = Release|Any CPU
		{746B195C-2CC0-40B8-9864-035B13AD17A8}.Release|ARM.Deploy.0 = Release|Any CPU
		{746B195C-2CC0-40B8-9864-035B13AD17A8}.Release|ARM64.ActiveCfg = Release|Any CPU
		{746B195C-2CC0-40B8-9864-035B13AD17A8}.Release|ARM64.Build.0 = Release|Any CPU
		{746B195C-2CC0-40B8-9864-035B13AD17A8}.Release|ARM64.Deploy.0 = Release|Any CPU
		{746B195C-2CC0-40B8-9864-035B13AD17A8}.Release|iPhone.ActiveCfg = Release|Any CPU
		{746B195C-2CC0-40B8-9864-035B13AD17A8}.Release|iPhone.Build.0 = Release|Any CPU
		{746B195C-2CC0-40B8-9864-035B13AD17A8}.Release|iPhone.Deploy.0 = Release|Any CPU
		{746B195C-2CC0-40B8-9864-035B13AD17A8}.Release|iPhoneSimulator.ActiveCfg = Release|Any CPU
		{746B195C-2CC0-40B8-9864-035B13AD17A8}.Release|iPhoneSimulator.Build.0 = Release|Any CPU
		{746B195C-2CC0-40B8-9864-035B13AD17A8}.Release|iPhoneSimulator.Deploy.0 = Release|Any CPU
		{746B195C-2CC0-40B8-9864-035B13AD17A8}.Release|x64.ActiveCfg = Release|Any CPU
		{746B195C-2CC0-40B8-9864-035B13AD17A8}.Release|x64.Build.0 = Release|Any CPU
		{746B195C-2CC0-40B8-9864-035B13AD17A8}.Release|x64.Deploy.0 = Release|Any CPU
		{746B195C-2CC0-40B8-9864-035B13AD17A8}.Release|x86.ActiveCfg = Release|Any CPU
		{746B195C-2CC0-40B8-9864-035B13AD17A8}.Release|x86.Build.0 = Release|Any CPU
		{746B195C-2CC0-40B8-9864-035B13AD17A8}.Release|x86.Deploy.0 = Release|Any CPU
		{6FB48989-34AE-43E6-B7EA-05658219DE8D}.Ad-Hoc|Any CPU.ActiveCfg = Ad-Hoc|iPhone
		{6FB48989-34AE-43E6-B7EA-05658219DE8D}.Ad-Hoc|ARM.ActiveCfg = Ad-Hoc|iPhone
		{6FB48989-34AE-43E6-B7EA-05658219DE8D}.Ad-Hoc|ARM64.ActiveCfg = Ad-Hoc|iPhone
		{6FB48989-34AE-43E6-B7EA-05658219DE8D}.Ad-Hoc|iPhone.ActiveCfg = Ad-Hoc|iPhone
		{6FB48989-34AE-43E6-B7EA-05658219DE8D}.Ad-Hoc|iPhone.Build.0 = Ad-Hoc|iPhone
		{6FB48989-34AE-43E6-B7EA-05658219DE8D}.Ad-Hoc|iPhoneSimulator.ActiveCfg = Ad-Hoc|iPhoneSimulator
		{6FB48989-34AE-43E6-B7EA-05658219DE8D}.Ad-Hoc|iPhoneSimulator.Build.0 = Ad-Hoc|iPhoneSimulator
		{6FB48989-34AE-43E6-B7EA-05658219DE8D}.Ad-Hoc|x64.ActiveCfg = Ad-Hoc|iPhone
		{6FB48989-34AE-43E6-B7EA-05658219DE8D}.Ad-Hoc|x86.ActiveCfg = Ad-Hoc|iPhone
		{6FB48989-34AE-43E6-B7EA-05658219DE8D}.AppStore|Any CPU.ActiveCfg = AppStore|iPhone
		{6FB48989-34AE-43E6-B7EA-05658219DE8D}.AppStore|ARM.ActiveCfg = AppStore|iPhone
		{6FB48989-34AE-43E6-B7EA-05658219DE8D}.AppStore|ARM64.ActiveCfg = AppStore|iPhone
		{6FB48989-34AE-43E6-B7EA-05658219DE8D}.AppStore|iPhone.ActiveCfg = AppStore|iPhone
		{6FB48989-34AE-43E6-B7EA-05658219DE8D}.AppStore|iPhone.Build.0 = AppStore|iPhone
		{6FB48989-34AE-43E6-B7EA-05658219DE8D}.AppStore|iPhoneSimulator.ActiveCfg = AppStore|iPhoneSimulator
		{6FB48989-34AE-43E6-B7EA-05658219DE8D}.AppStore|iPhoneSimulator.Build.0 = AppStore|iPhoneSimulator
		{6FB48989-34AE-43E6-B7EA-05658219DE8D}.AppStore|x64.ActiveCfg = AppStore|iPhone
		{6FB48989-34AE-43E6-B7EA-05658219DE8D}.AppStore|x86.ActiveCfg = AppStore|iPhone
		{6FB48989-34AE-43E6-B7EA-05658219DE8D}.Debug|Any CPU.ActiveCfg = Debug|iPhone
		{6FB48989-34AE-43E6-B7EA-05658219DE8D}.Debug|ARM.ActiveCfg = Debug|iPhone
		{6FB48989-34AE-43E6-B7EA-05658219DE8D}.Debug|ARM64.ActiveCfg = Debug|iPhone
		{6FB48989-34AE-43E6-B7EA-05658219DE8D}.Debug|iPhone.ActiveCfg = Debug|iPhone
		{6FB48989-34AE-43E6-B7EA-05658219DE8D}.Debug|iPhone.Build.0 = Debug|iPhone
		{6FB48989-34AE-43E6-B7EA-05658219DE8D}.Debug|iPhoneSimulator.ActiveCfg = Debug|iPhoneSimulator
		{6FB48989-34AE-43E6-B7EA-05658219DE8D}.Debug|iPhoneSimulator.Build.0 = Debug|iPhoneSimulator
		{6FB48989-34AE-43E6-B7EA-05658219DE8D}.Debug|x64.ActiveCfg = Debug|iPhone
		{6FB48989-34AE-43E6-B7EA-05658219DE8D}.Debug|x86.ActiveCfg = Debug|iPhone
		{6FB48989-34AE-43E6-B7EA-05658219DE8D}.Release|Any CPU.ActiveCfg = Release|iPhone
		{6FB48989-34AE-43E6-B7EA-05658219DE8D}.Release|ARM.ActiveCfg = Release|iPhone
		{6FB48989-34AE-43E6-B7EA-05658219DE8D}.Release|ARM64.ActiveCfg = Release|iPhone
		{6FB48989-34AE-43E6-B7EA-05658219DE8D}.Release|iPhone.ActiveCfg = Release|iPhone
		{6FB48989-34AE-43E6-B7EA-05658219DE8D}.Release|iPhone.Build.0 = Release|iPhone
		{6FB48989-34AE-43E6-B7EA-05658219DE8D}.Release|iPhoneSimulator.ActiveCfg = Release|iPhoneSimulator
		{6FB48989-34AE-43E6-B7EA-05658219DE8D}.Release|iPhoneSimulator.Build.0 = Release|iPhoneSimulator
		{6FB48989-34AE-43E6-B7EA-05658219DE8D}.Release|x64.ActiveCfg = Release|iPhone
		{6FB48989-34AE-43E6-B7EA-05658219DE8D}.Release|x86.ActiveCfg = Release|iPhone
		{82F01DAE-23C0-458F-8468-90316F1C8D75}.Ad-Hoc|Any CPU.ActiveCfg = Release|x64
		{82F01DAE-23C0-458F-8468-90316F1C8D75}.Ad-Hoc|Any CPU.Build.0 = Release|x64
		{82F01DAE-23C0-458F-8468-90316F1C8D75}.Ad-Hoc|Any CPU.Deploy.0 = Release|x64
		{82F01DAE-23C0-458F-8468-90316F1C8D75}.Ad-Hoc|ARM.ActiveCfg = Release|ARM
		{82F01DAE-23C0-458F-8468-90316F1C8D75}.Ad-Hoc|ARM.Build.0 = Release|ARM
		{82F01DAE-23C0-458F-8468-90316F1C8D75}.Ad-Hoc|ARM.Deploy.0 = Release|ARM
		{82F01DAE-23C0-458F-8468-90316F1C8D75}.Ad-Hoc|ARM64.ActiveCfg = Release|ARM64
		{82F01DAE-23C0-458F-8468-90316F1C8D75}.Ad-Hoc|ARM64.Build.0 = Release|ARM64
		{82F01DAE-23C0-458F-8468-90316F1C8D75}.Ad-Hoc|ARM64.Deploy.0 = Release|ARM64
		{82F01DAE-23C0-458F-8468-90316F1C8D75}.Ad-Hoc|iPhone.ActiveCfg = Release|x64
		{82F01DAE-23C0-458F-8468-90316F1C8D75}.Ad-Hoc|iPhone.Build.0 = Release|x64
		{82F01DAE-23C0-458F-8468-90316F1C8D75}.Ad-Hoc|iPhone.Deploy.0 = Release|x64
		{82F01DAE-23C0-458F-8468-90316F1C8D75}.Ad-Hoc|iPhoneSimulator.ActiveCfg = Release|x64
		{82F01DAE-23C0-458F-8468-90316F1C8D75}.Ad-Hoc|iPhoneSimulator.Build.0 = Release|x64
		{82F01DAE-23C0-458F-8468-90316F1C8D75}.Ad-Hoc|iPhoneSimulator.Deploy.0 = Release|x64
		{82F01DAE-23C0-458F-8468-90316F1C8D75}.Ad-Hoc|x64.ActiveCfg = Release|x64
		{82F01DAE-23C0-458F-8468-90316F1C8D75}.Ad-Hoc|x64.Build.0 = Release|x64
		{82F01DAE-23C0-458F-8468-90316F1C8D75}.Ad-Hoc|x64.Deploy.0 = Release|x64
		{82F01DAE-23C0-458F-8468-90316F1C8D75}.Ad-Hoc|x86.ActiveCfg = Release|x86
		{82F01DAE-23C0-458F-8468-90316F1C8D75}.Ad-Hoc|x86.Build.0 = Release|x86
		{82F01DAE-23C0-458F-8468-90316F1C8D75}.Ad-Hoc|x86.Deploy.0 = Release|x86
		{82F01DAE-23C0-458F-8468-90316F1C8D75}.AppStore|Any CPU.ActiveCfg = Release|x64
		{82F01DAE-23C0-458F-8468-90316F1C8D75}.AppStore|Any CPU.Build.0 = Release|x64
		{82F01DAE-23C0-458F-8468-90316F1C8D75}.AppStore|Any CPU.Deploy.0 = Release|x64
		{82F01DAE-23C0-458F-8468-90316F1C8D75}.AppStore|ARM.ActiveCfg = Release|ARM
		{82F01DAE-23C0-458F-8468-90316F1C8D75}.AppStore|ARM.Build.0 = Release|ARM
		{82F01DAE-23C0-458F-8468-90316F1C8D75}.AppStore|ARM.Deploy.0 = Release|ARM
		{82F01DAE-23C0-458F-8468-90316F1C8D75}.AppStore|ARM64.ActiveCfg = Release|ARM64
		{82F01DAE-23C0-458F-8468-90316F1C8D75}.AppStore|ARM64.Build.0 = Release|ARM64
		{82F01DAE-23C0-458F-8468-90316F1C8D75}.AppStore|ARM64.Deploy.0 = Release|ARM64
		{82F01DAE-23C0-458F-8468-90316F1C8D75}.AppStore|iPhone.ActiveCfg = Release|x64
		{82F01DAE-23C0-458F-8468-90316F1C8D75}.AppStore|iPhone.Build.0 = Release|x64
		{82F01DAE-23C0-458F-8468-90316F1C8D75}.AppStore|iPhone.Deploy.0 = Release|x64
		{82F01DAE-23C0-458F-8468-90316F1C8D75}.AppStore|iPhoneSimulator.ActiveCfg = Release|x64
		{82F01DAE-23C0-458F-8468-90316F1C8D75}.AppStore|iPhoneSimulator.Build.0 = Release|x64
		{82F01DAE-23C0-458F-8468-90316F1C8D75}.AppStore|iPhoneSimulator.Deploy.0 = Release|x64
		{82F01DAE-23C0-458F-8468-90316F1C8D75}.AppStore|x64.ActiveCfg = Release|x64
		{82F01DAE-23C0-458F-8468-90316F1C8D75}.AppStore|x64.Build.0 = Release|x64
		{82F01DAE-23C0-458F-8468-90316F1C8D75}.AppStore|x64.Deploy.0 = Release|x64
		{82F01DAE-23C0-458F-8468-90316F1C8D75}.AppStore|x86.ActiveCfg = Release|x86
		{82F01DAE-23C0-458F-8468-90316F1C8D75}.AppStore|x86.Build.0 = Release|x86
		{82F01DAE-23C0-458F-8468-90316F1C8D75}.AppStore|x86.Deploy.0 = Release|x86
		{82F01DAE-23C0-458F-8468-90316F1C8D75}.Debug|Any CPU.ActiveCfg = Debug|x86
		{82F01DAE-23C0-458F-8468-90316F1C8D75}.Debug|ARM.ActiveCfg = Debug|ARM
		{82F01DAE-23C0-458F-8468-90316F1C8D75}.Debug|ARM.Build.0 = Debug|ARM
		{82F01DAE-23C0-458F-8468-90316F1C8D75}.Debug|ARM.Deploy.0 = Debug|ARM
		{82F01DAE-23C0-458F-8468-90316F1C8D75}.Debug|ARM64.ActiveCfg = Debug|ARM64
		{82F01DAE-23C0-458F-8468-90316F1C8D75}.Debug|ARM64.Build.0 = Debug|ARM64
		{82F01DAE-23C0-458F-8468-90316F1C8D75}.Debug|ARM64.Deploy.0 = Debug|ARM64
		{82F01DAE-23C0-458F-8468-90316F1C8D75}.Debug|iPhone.ActiveCfg = Debug|x86
		{82F01DAE-23C0-458F-8468-90316F1C8D75}.Debug|iPhoneSimulator.ActiveCfg = Debug|x86
		{82F01DAE-23C0-458F-8468-90316F1C8D75}.Debug|x64.ActiveCfg = Debug|x64
		{82F01DAE-23C0-458F-8468-90316F1C8D75}.Debug|x64.Build.0 = Debug|x64
		{82F01DAE-23C0-458F-8468-90316F1C8D75}.Debug|x64.Deploy.0 = Debug|x64
		{82F01DAE-23C0-458F-8468-90316F1C8D75}.Debug|x86.ActiveCfg = Debug|x86
		{82F01DAE-23C0-458F-8468-90316F1C8D75}.Debug|x86.Build.0 = Debug|x86
		{82F01DAE-23C0-458F-8468-90316F1C8D75}.Debug|x86.Deploy.0 = Debug|x86
		{82F01DAE-23C0-458F-8468-90316F1C8D75}.Release|Any CPU.ActiveCfg = Release|x86
		{82F01DAE-23C0-458F-8468-90316F1C8D75}.Release|ARM.ActiveCfg = Release|ARM
		{82F01DAE-23C0-458F-8468-90316F1C8D75}.Release|ARM.Build.0 = Release|ARM
		{82F01DAE-23C0-458F-8468-90316F1C8D75}.Release|ARM.Deploy.0 = Release|ARM
		{82F01DAE-23C0-458F-8468-90316F1C8D75}.Release|ARM64.ActiveCfg = Release|ARM64
		{82F01DAE-23C0-458F-8468-90316F1C8D75}.Release|ARM64.Build.0 = Release|ARM64
		{82F01DAE-23C0-458F-8468-90316F1C8D75}.Release|ARM64.Deploy.0 = Release|ARM64
		{82F01DAE-23C0-458F-8468-90316F1C8D75}.Release|iPhone.ActiveCfg = Release|x86
		{82F01DAE-23C0-458F-8468-90316F1C8D75}.Release|iPhoneSimulator.ActiveCfg = Release|x86
		{82F01DAE-23C0-458F-8468-90316F1C8D75}.Release|x64.ActiveCfg = Release|x64
		{82F01DAE-23C0-458F-8468-90316F1C8D75}.Release|x64.Build.0 = Release|x64
		{82F01DAE-23C0-458F-8468-90316F1C8D75}.Release|x64.Deploy.0 = Release|x64
		{82F01DAE-23C0-458F-8468-90316F1C8D75}.Release|x86.ActiveCfg = Release|x86
		{82F01DAE-23C0-458F-8468-90316F1C8D75}.Release|x86.Build.0 = Release|x86
		{82F01DAE-23C0-458F-8468-90316F1C8D75}.Release|x86.Deploy.0 = Release|x86
	EndGlobalSection
	GlobalSection(SolutionProperties) = preSolution
		HideSolutionNode = FALSE
	EndGlobalSection
	GlobalSection(ExtensibilityGlobals) = postSolution
		SolutionGuid = {4263ABF7-D25C-4600-91D2-1924D38880D7}
	EndGlobalSection
EndGlobal
